
Microsoft Visual Studio Solution File, Format Version 12.00
# Visual Studio Version 16
VisualStudioVersion = 16.0.31005.135
MinimumVisualStudioVersion = 10.0.40219.1
Project("{FAE04EC0-301F-11D3-BF4B-00C04F79EFBC}") = "StormBotSoundpadApi", "StormBotSoundpadApi\StormBotSoundpadApi.csproj", "{373EA0DF-4817-4A53-93D8-0F0728BEE29E}"
EndProject
Global
	GlobalSection(SolutionConfigurationPlatforms) = preSolution
		Debug|Any CPU = Debug|Any CPU
		Release|Any CPU = Release|Any CPU
	EndGlobalSection
	GlobalSection(ProjectConfigurationPlatforms) = postSolution
		{373EA0DF-4817-4A53-93D8-0F0728BEE29E}.Debug|Any CPU.ActiveCfg = Debug|Any CPU
		{373EA0DF-4817-4A53-93D8-0F0728BEE29E}.Debug|Any CPU.Build.0 = Debug|Any CPU
		{373EA0DF-4817-4A53-93D8-0F0728BEE29E}.Release|Any CPU.ActiveCfg = Release|Any CPU
		{373EA0DF-4817-4A53-93D8-0F0728BEE29E}.Release|Any CPU.Build.0 = Release|Any CPU
	EndGlobalSection
	GlobalSection(SolutionProperties) = preSolution
		HideSolutionNode = FALSE
	EndGlobalSection
	GlobalSection(ExtensibilityGlobals) = postSolution
		SolutionGuid = {38E8B2EF-A878-4C07-9FD7-347BD898742C}
	EndGlobalSection
EndGlobal
